// !$*UTF8*$!
{
	archiveVersion = 1;
	classes = {
	};
	objectVersion = 46;
	objects = {

/* Begin PBXBuildFile section */
		76BE363E1AFAC93400AF564B /* main.cpp in Sources */ = {isa = PBXBuildFile; fileRef = 76BE363D1AFAC93400AF564B /* main.cpp */; };
		76BE36541AFACAD400AF564B /* TGmap.cpp in Sources */ = {isa = PBXBuildFile; fileRef = 76BE36521AFACAD400AF564B /* TGmap.cpp */; };
		76BE36621AFACB4300AF564B /* TWeapon.cpp in Sources */ = {isa = PBXBuildFile; fileRef = 76BE36601AFACB4300AF564B /* TWeapon.cpp */; };
		76BE36651AFACB4E00AF564B /* TPlayer.cpp in Sources */ = {isa = PBXBuildFile; fileRef = 76BE36631AFACB4E00AF564B /* TPlayer.cpp */; };
		76BE36681AFACB5A00AF564B /* TLevel.cpp in Sources */ = {isa = PBXBuildFile; fileRef = 76BE36661AFACB5A00AF564B /* TLevel.cpp */; };
		76BE36711AFACB8B00AF564B /* TTile.cpp in Sources */ = {isa = PBXBuildFile; fileRef = 76BE366F1AFACB8B00AF564B /* TTile.cpp */; };
		76BE36741AFACB9000AF564B /* TSign.cpp in Sources */ = {isa = PBXBuildFile; fileRef = 76BE36721AFACB9000AF564B /* TSign.cpp */; };
		76BE36771AFACB9400AF564B /* TNPC.cpp in Sources */ = {isa = PBXBuildFile; fileRef = 76BE36751AFACB9400AF564B /* TNPC.cpp */; };
		76BE367A1AFACB9900AF564B /* TLink.cpp in Sources */ = {isa = PBXBuildFile; fileRef = 76BE36781AFACB9900AF564B /* TLink.cpp */; };
		76BE36801AFACBBF00AF564B /* TBaddy.cpp in Sources */ = {isa = PBXBuildFile; fileRef = 76BE367E1AFACBBF00AF564B /* TBaddy.cpp */; };
		76BE36831AFACBD200AF564B /* TChest.cpp in Sources */ = {isa = PBXBuildFile; fileRef = 76BE36811AFACBD200AF564B /* TChest.cpp */; };
		76BE36871AFB2CF000AF564B /* TGani.cpp in Sources */ = {isa = PBXBuildFile; fileRef = 76BE36851AFB2CF000AF564B /* TGani.cpp */; };
		76BE368B1AFB2E5B00AF564B /* TSprite.cpp in Sources */ = {isa = PBXBuildFile; fileRef = 76BE36891AFB2E5B00AF564B /* TSprite.cpp */; };
		76BE368F1AFC68B300AF564B /* TLayer.cpp in Sources */ = {isa = PBXBuildFile; fileRef = 76BE368D1AFC68B300AF564B /* TLayer.cpp */; };
/* End PBXBuildFile section */

/* Begin PBXCopyFilesBuildPhase section */
		76BE36381AFAC93400AF564B /* CopyFiles */ = {
			isa = PBXCopyFilesBuildPhase;
			buildActionMask = 2147483647;
			dstPath = /usr/share/man/man1/;
			dstSubfolderSpec = 0;
			files = (
			);
			runOnlyForDeploymentPostprocessing = 1;
		};
/* End PBXCopyFilesBuildPhase section */

/* Begin PBXFileReference section */
		76BE363A1AFAC93400AF564B /* Graal Utilities */ = {isa = PBXFileReference; explicitFileType = "compiled.mach-o.executable"; includeInIndex = 0; path = "Graal Utilities"; sourceTree = BUILT_PRODUCTS_DIR; };
		76BE363D1AFAC93400AF564B /* main.cpp */ = {isa = PBXFileReference; lastKnownFileType = sourcecode.cpp.cpp; path = main.cpp; sourceTree = "<group>"; };
		76BE36521AFACAD400AF564B /* TGmap.cpp */ = {isa = PBXFileReference; fileEncoding = 4; lastKnownFileType = sourcecode.cpp.cpp; name = TGmap.cpp; path = TGmap/TGmap.cpp; sourceTree = "<group>"; };
		76BE36531AFACAD400AF564B /* TGmap.h */ = {isa = PBXFileReference; fileEncoding = 4; lastKnownFileType = sourcecode.c.h; name = TGmap.h; path = TGmap/TGmap.h; sourceTree = "<group>"; };
		76BE36561AFACB2200AF564B /* main.h */ = {isa = PBXFileReference; fileEncoding = 4; lastKnownFileType = sourcecode.c.h; path = main.h; sourceTree = "<group>"; };
		76BE36601AFACB4300AF564B /* TWeapon.cpp */ = {isa = PBXFileReference; fileEncoding = 4; lastKnownFileType = sourcecode.cpp.cpp; name = TWeapon.cpp; path = TWeapon/TWeapon.cpp; sourceTree = "<group>"; };
		76BE36611AFACB4300AF564B /* TWeapon.h */ = {isa = PBXFileReference; fileEncoding = 4; lastKnownFileType = sourcecode.c.h; name = TWeapon.h; path = TWeapon/TWeapon.h; sourceTree = "<group>"; };
		76BE36631AFACB4E00AF564B /* TPlayer.cpp */ = {isa = PBXFileReference; fileEncoding = 4; lastKnownFileType = sourcecode.cpp.cpp; name = TPlayer.cpp; path = TPlayer/TPlayer.cpp; sourceTree = "<group>"; };
		76BE36641AFACB4E00AF564B /* TPlayer.h */ = {isa = PBXFileReference; fileEncoding = 4; lastKnownFileType = sourcecode.c.h; name = TPlayer.h; path = TPlayer/TPlayer.h; sourceTree = "<group>"; };
		76BE36661AFACB5A00AF564B /* TLevel.cpp */ = {isa = PBXFileReference; fileEncoding = 4; lastKnownFileType = sourcecode.cpp.cpp; name = TLevel.cpp; path = TLevel/TLevel.cpp; sourceTree = "<group>"; };
		76BE36671AFACB5A00AF564B /* TLevel.h */ = {isa = PBXFileReference; fileEncoding = 4; lastKnownFileType = sourcecode.c.h; name = TLevel.h; path = TLevel/TLevel.h; sourceTree = "<group>"; };
		76BE366F1AFACB8B00AF564B /* TTile.cpp */ = {isa = PBXFileReference; fileEncoding = 4; lastKnownFileType = sourcecode.cpp.cpp; name = TTile.cpp; path = TLevel/TTile/TTile.cpp; sourceTree = "<group>"; };
		76BE36701AFACB8B00AF564B /* TTile.h */ = {isa = PBXFileReference; fileEncoding = 4; lastKnownFileType = sourcecode.c.h; name = TTile.h; path = TLevel/TTile/TTile.h; sourceTree = "<group>"; };
		76BE36721AFACB9000AF564B /* TSign.cpp */ = {isa = PBXFileReference; fileEncoding = 4; lastKnownFileType = sourcecode.cpp.cpp; name = TSign.cpp; path = TLevel/TSign/TSign.cpp; sourceTree = "<group>"; };
		76BE36731AFACB9000AF564B /* TSign.h */ = {isa = PBXFileReference; fileEncoding = 4; lastKnownFileType = sourcecode.c.h; name = TSign.h; path = TLevel/TSign/TSign.h; sourceTree = "<group>"; };
		76BE36751AFACB9400AF564B /* TNPC.cpp */ = {isa = PBXFileReference; fileEncoding = 4; lastKnownFileType = sourcecode.cpp.cpp; name = TNPC.cpp; path = TLevel/TNPC/TNPC.cpp; sourceTree = "<group>"; };
		76BE36761AFACB9400AF564B /* TNPC.h */ = {isa = PBXFileReference; fileEncoding = 4; lastKnownFileType = sourcecode.c.h; name = TNPC.h; path = TLevel/TNPC/TNPC.h; sourceTree = "<group>"; };
		76BE36781AFACB9900AF564B /* TLink.cpp */ = {isa = PBXFileReference; fileEncoding = 4; lastKnownFileType = sourcecode.cpp.cpp; name = TLink.cpp; path = TLevel/TLink/TLink.cpp; sourceTree = "<group>"; };
		76BE36791AFACB9900AF564B /* TLink.h */ = {isa = PBXFileReference; fileEncoding = 4; lastKnownFileType = sourcecode.c.h; name = TLink.h; path = TLevel/TLink/TLink.h; sourceTree = "<group>"; };
		76BE367E1AFACBBF00AF564B /* TBaddy.cpp */ = {isa = PBXFileReference; fileEncoding = 4; lastKnownFileType = sourcecode.cpp.cpp; name = TBaddy.cpp; path = TLevel/TBaddy/TBaddy.cpp; sourceTree = "<group>"; };
		76BE367F1AFACBBF00AF564B /* TBaddy.h */ = {isa = PBXFileReference; fileEncoding = 4; lastKnownFileType = sourcecode.c.h; name = TBaddy.h; path = TLevel/TBaddy/TBaddy.h; sourceTree = "<group>"; };
		76BE36811AFACBD200AF564B /* TChest.cpp */ = {isa = PBXFileReference; fileEncoding = 4; lastKnownFileType = sourcecode.cpp.cpp; name = TChest.cpp; path = TLevel/TChest/TChest.cpp; sourceTree = "<group>"; };
		76BE36821AFACBD200AF564B /* TChest.h */ = {isa = PBXFileReference; fileEncoding = 4; lastKnownFileType = sourcecode.c.h; name = TChest.h; path = TLevel/TChest/TChest.h; sourceTree = "<group>"; };
		76BE36851AFB2CF000AF564B /* TGani.cpp */ = {isa = PBXFileReference; fileEncoding = 4; lastKnownFileType = sourcecode.cpp.cpp; name = TGani.cpp; path = TGani/TGani.cpp; sourceTree = "<group>"; };
		76BE36861AFB2CF000AF564B /* TGani.h */ = {isa = PBXFileReference; fileEncoding = 4; lastKnownFileType = sourcecode.c.h; name = TGani.h; path = TGani/TGani.h; sourceTree = "<group>"; };
		76BE36891AFB2E5B00AF564B /* TSprite.cpp */ = {isa = PBXFileReference; fileEncoding = 4; lastKnownFileType = sourcecode.cpp.cpp; name = TSprite.cpp; path = TGani/TSprite/TSprite.cpp; sourceTree = "<group>"; };
		76BE368A1AFB2E5B00AF564B /* TSprite.h */ = {isa = PBXFileReference; fileEncoding = 4; lastKnownFileType = sourcecode.c.h; name = TSprite.h; path = TGani/TSprite/TSprite.h; sourceTree = "<group>"; };
		76BE368D1AFC68B300AF564B /* TLayer.cpp */ = {isa = PBXFileReference; fileEncoding = 4; lastKnownFileType = sourcecode.cpp.cpp; name = TLayer.cpp; path = TLevel/TLayer/TLayer.cpp; sourceTree = "<group>"; };
		76BE368E1AFC68B300AF564B /* TLayer.h */ = {isa = PBXFileReference; fileEncoding = 4; lastKnownFileType = sourcecode.c.h; name = TLayer.h; path = TLevel/TLayer/TLayer.h; sourceTree = "<group>"; };
/* End PBXFileReference section */

/* Begin PBXFrameworksBuildPhase section */
		76BE36371AFAC93400AF564B /* Frameworks */ = {
			isa = PBXFrameworksBuildPhase;
			buildActionMask = 2147483647;
			files = (
			);
			runOnlyForDeploymentPostprocessing = 0;
		};
/* End PBXFrameworksBuildPhase section */

/* Begin PBXGroup section */
		76BE36311AFAC93400AF564B = {
			isa = PBXGroup;
			children = (
				76BE363C1AFAC93400AF564B /* Graal Utilities */,
				76BE363B1AFAC93400AF564B /* Products */,
			);
			sourceTree = "<group>";
		};
		76BE363B1AFAC93400AF564B /* Products */ = {
			isa = PBXGroup;
			children = (
				76BE363A1AFAC93400AF564B /* Graal Utilities */,
			);
			name = Products;
			sourceTree = "<group>";
		};
		76BE363C1AFAC93400AF564B /* Graal Utilities */ = {
			isa = PBXGroup;
			children = (
				76BE363D1AFAC93400AF564B /* main.cpp */,
				76BE36561AFACB2200AF564B /* main.h */,
				76BE36841AFB2CD800AF564B /* TGani */,
				76BE365F1AFACB3A00AF564B /* TWeapon */,
				76BE365E1AFACB3300AF564B /* TPlayer */,
				76BE365D1AFACB2D00AF564B /* TGmap */,
				76BE365C1AFACB2700AF564B /* TLevel */,
			);
			path = "Graal Utilities";
			sourceTree = "<group>";
		};
		76BE365C1AFACB2700AF564B /* TLevel */ = {
			isa = PBXGroup;
			children = (
				76BE368C1AFC687500AF564B /* TLayer */,
				76BE366E1AFACB7B00AF564B /* TTile */,
				76BE366D1AFACB7500AF564B /* TSign */,
				76BE366C1AFACB6F00AF564B /* TNPC */,
				76BE366B1AFACB6800AF564B /* TLink */,
				76BE366A1AFACB6300AF564B /* TChest */,
				76BE36691AFACB5E00AF564B /* TBaddy */,
				76BE36661AFACB5A00AF564B /* TLevel.cpp */,
				76BE36671AFACB5A00AF564B /* TLevel.h */,
			);
			name = TLevel;
			sourceTree = "<group>";
		};
		76BE365D1AFACB2D00AF564B /* TGmap */ = {
			isa = PBXGroup;
			children = (
				76BE36521AFACAD400AF564B /* TGmap.cpp */,
				76BE36531AFACAD400AF564B /* TGmap.h */,
			);
			name = TGmap;
			sourceTree = "<group>";
		};
		76BE365E1AFACB3300AF564B /* TPlayer */ = {
			isa = PBXGroup;
			children = (
				76BE36631AFACB4E00AF564B /* TPlayer.cpp */,
				76BE36641AFACB4E00AF564B /* TPlayer.h */,
			);
			name = TPlayer;
			sourceTree = "<group>";
		};
		76BE365F1AFACB3A00AF564B /* TWeapon */ = {
			isa = PBXGroup;
			children = (
				76BE36601AFACB4300AF564B /* TWeapon.cpp */,
				76BE36611AFACB4300AF564B /* TWeapon.h */,
			);
			name = TWeapon;
			sourceTree = "<group>";
		};
		76BE36691AFACB5E00AF564B /* TBaddy */ = {
			isa = PBXGroup;
			children = (
				76BE367E1AFACBBF00AF564B /* TBaddy.cpp */,
				76BE367F1AFACBBF00AF564B /* TBaddy.h */,
			);
			name = TBaddy;
			sourceTree = "<group>";
		};
		76BE366A1AFACB6300AF564B /* TChest */ = {
			isa = PBXGroup;
			children = (
				76BE36811AFACBD200AF564B /* TChest.cpp */,
				76BE36821AFACBD200AF564B /* TChest.h */,
			);
			name = TChest;
			sourceTree = "<group>";
		};
		76BE366B1AFACB6800AF564B /* TLink */ = {
			isa = PBXGroup;
			children = (
				76BE36781AFACB9900AF564B /* TLink.cpp */,
				76BE36791AFACB9900AF564B /* TLink.h */,
			);
			name = TLink;
			sourceTree = "<group>";
		};
		76BE366C1AFACB6F00AF564B /* TNPC */ = {
			isa = PBXGroup;
			children = (
				76BE36751AFACB9400AF564B /* TNPC.cpp */,
				76BE36761AFACB9400AF564B /* TNPC.h */,
			);
			name = TNPC;
			sourceTree = "<group>";
		};
		76BE366D1AFACB7500AF564B /* TSign */ = {
			isa = PBXGroup;
			children = (
				76BE36721AFACB9000AF564B /* TSign.cpp */,
				76BE36731AFACB9000AF564B /* TSign.h */,
			);
			name = TSign;
			sourceTree = "<group>";
		};
		76BE366E1AFACB7B00AF564B /* TTile */ = {
			isa = PBXGroup;
			children = (
				76BE366F1AFACB8B00AF564B /* TTile.cpp */,
				76BE36701AFACB8B00AF564B /* TTile.h */,
			);
			name = TTile;
			sourceTree = "<group>";
		};
		76BE36841AFB2CD800AF564B /* TGani */ = {
			isa = PBXGroup;
			children = (
				76BE36881AFB2E3700AF564B /* TSprite */,
				76BE36851AFB2CF000AF564B /* TGani.cpp */,
				76BE36861AFB2CF000AF564B /* TGani.h */,
			);
			name = TGani;
			sourceTree = "<group>";
		};
		76BE36881AFB2E3700AF564B /* TSprite */ = {
			isa = PBXGroup;
			children = (
				76BE36891AFB2E5B00AF564B /* TSprite.cpp */,
				76BE368A1AFB2E5B00AF564B /* TSprite.h */,
			);
			name = TSprite;
			sourceTree = "<group>";
		};
		76BE368C1AFC687500AF564B /* TLayer */ = {
			isa = PBXGroup;
			children = (
				76BE368D1AFC68B300AF564B /* TLayer.cpp */,
				76BE368E1AFC68B300AF564B /* TLayer.h */,
			);
			name = TLayer;
			sourceTree = "<group>";
		};
/* End PBXGroup section */

/* Begin PBXNativeTarget section */
		76BE36391AFAC93400AF564B /* Graal Utilities */ = {
			isa = PBXNativeTarget;
			buildConfigurationList = 76BE36411AFAC93400AF564B /* Build configuration list for PBXNativeTarget "Graal Utilities" */;
			buildPhases = (
				76BE36361AFAC93400AF564B /* Sources */,
				76BE36371AFAC93400AF564B /* Frameworks */,
				76BE36381AFAC93400AF564B /* CopyFiles */,
			);
			buildRules = (
			);
			dependencies = (
			);
			name = "Graal Utilities";
			productName = "Graal Utilities";
			productReference = 76BE363A1AFAC93400AF564B /* Graal Utilities */;
			productType = "com.apple.product-type.tool";
		};
/* End PBXNativeTarget section */

/* Begin PBXProject section */
		76BE36321AFAC93400AF564B /* Project object */ = {
			isa = PBXProject;
			attributes = {
				LastUpgradeCheck = 0630;
				ORGANIZATIONNAME = "Matthew Warner";
				TargetAttributes = {
					76BE36391AFAC93400AF564B = {
						CreatedOnToolsVersion = 6.3.1;
					};
				};
			};
			buildConfigurationList = 76BE36351AFAC93400AF564B /* Build configuration list for PBXProject "Graal Utilities" */;
			compatibilityVersion = "Xcode 3.2";
			developmentRegion = English;
			hasScannedForEncodings = 0;
			knownRegions = (
				en,
			);
			mainGroup = 76BE36311AFAC93400AF564B;
			productRefGroup = 76BE363B1AFAC93400AF564B /* Products */;
			projectDirPath = "";
			projectRoot = "";
			targets = (
				76BE36391AFAC93400AF564B /* Graal Utilities */,
			);
		};
/* End PBXProject section */

/* Begin PBXSourcesBuildPhase section */
		76BE36361AFAC93400AF564B /* Sources */ = {
			isa = PBXSourcesBuildPhase;
			buildActionMask = 2147483647;
			files = (
				76BE36771AFACB9400AF564B /* TNPC.cpp in Sources */,
				76BE36871AFB2CF000AF564B /* TGani.cpp in Sources */,
				76BE363E1AFAC93400AF564B /* main.cpp in Sources */,
				76BE36681AFACB5A00AF564B /* TLevel.cpp in Sources */,
				76BE36541AFACAD400AF564B /* TGmap.cpp in Sources */,
				76BE36651AFACB4E00AF564B /* TPlayer.cpp in Sources */,
				76BE36621AFACB4300AF564B /* TWeapon.cpp in Sources */,
				76BE368B1AFB2E5B00AF564B /* TSprite.cpp in Sources */,
				76BE36801AFACBBF00AF564B /* TBaddy.cpp in Sources */,
				76BE36711AFACB8B00AF564B /* TTile.cpp in Sources */,
				76BE368F1AFC68B300AF564B /* TLayer.cpp in Sources */,
				76BE367A1AFACB9900AF564B /* TLink.cpp in Sources */,
				76BE36831AFACBD200AF564B /* TChest.cpp in Sources */,
				76BE36741AFACB9000AF564B /* TSign.cpp in Sources */,
			);
			runOnlyForDeploymentPostprocessing = 0;
		};
/* End PBXSourcesBuildPhase section */

/* Begin XCBuildConfiguration section */
		76BE363F1AFAC93400AF564B /* Debug */ = {
			isa = XCBuildConfiguration;
			buildSettings = {
				ALWAYS_SEARCH_USER_PATHS = NO;
				CLANG_CXX_LANGUAGE_STANDARD = "gnu++0x";
				CLANG_CXX_LIBRARY = "libc++";
				CLANG_ENABLE_MODULES = YES;
				CLANG_ENABLE_OBJC_ARC = YES;
				CLANG_WARN_BOOL_CONVERSION = YES;
				CLANG_WARN_CONSTANT_CONVERSION = YES;
				CLANG_WARN_DIRECT_OBJC_ISA_USAGE = YES_ERROR;
				CLANG_WARN_EMPTY_BODY = YES;
				CLANG_WARN_ENUM_CONVERSION = YES;
				CLANG_WARN_INT_CONVERSION = YES;
				CLANG_WARN_OBJC_ROOT_CLASS = YES_ERROR;
				CLANG_WARN_UNREACHABLE_CODE = YES;
				CLANG_WARN__DUPLICATE_METHOD_MATCH = YES;
				COPY_PHASE_STRIP = NO;
				DEBUG_INFORMATION_FORMAT = dwarf;
				ENABLE_STRICT_OBJC_MSGSEND = YES;
				GCC_C_LANGUAGE_STANDARD = gnu99;
				GCC_DYNAMIC_NO_PIC = NO;
				GCC_NO_COMMON_BLOCKS = YES;
				GCC_OPTIMIZATION_LEVEL = 0;
				GCC_PREPROCESSOR_DEFINITIONS = (
					"DEBUG=1",
					"$(inherited)",
				);
				GCC_SYMBOLS_PRIVATE_EXTERN = NO;
				GCC_WARN_64_TO_32_BIT_CONVERSION = YES;
				GCC_WARN_ABOUT_RETURN_TYPE = YES_ERROR;
				GCC_WARN_UNDECLARED_SELECTOR = YES;
				GCC_WARN_UNINITIALIZED_AUTOS = YES_AGGRESSIVE;
				GCC_WARN_UNUSED_FUNCTION = YES;
				GCC_WARN_UNUSED_VARIABLE = YES;
				MACOSX_DEPLOYMENT_TARGET = "";
				MTL_ENABLE_DEBUG_INFO = YES;
				ONLY_ACTIVE_ARCH = YES;
				SDKROOT = macosx;
			};
			name = Debug;
		};
		76BE36401AFAC93400AF564B /* Release */ = {
			isa = XCBuildConfiguration;
			buildSettings = {
				ALWAYS_SEARCH_USER_PATHS = NO;
				CLANG_CXX_LANGUAGE_STANDARD = "gnu++0x";
				CLANG_CXX_LIBRARY = "libc++";
				CLANG_ENABLE_MODULES = YES;
				CLANG_ENABLE_OBJC_ARC = YES;
				CLANG_WARN_BOOL_CONVERSION = YES;
				CLANG_WARN_CONSTANT_CONVERSION = YES;
				CLANG_WARN_DIRECT_OBJC_ISA_USAGE = YES_ERROR;
				CLANG_WARN_EMPTY_BODY = YES;
				CLANG_WARN_ENUM_CONVERSION = YES;
				CLANG_WARN_INT_CONVERSION = YES;
				CLANG_WARN_OBJC_ROOT_CLASS = YES_ERROR;
				CLANG_WARN_UNREACHABLE_CODE = YES;
				CLANG_WARN__DUPLICATE_METHOD_MATCH = YES;
				COPY_PHASE_STRIP = NO;
				DEBUG_INFORMATION_FORMAT = "dwarf-with-dsym";
				ENABLE_NS_ASSERTIONS = NO;
				ENABLE_STRICT_OBJC_MSGSEND = YES;
				GCC_C_LANGUAGE_STANDARD = gnu99;
				GCC_NO_COMMON_BLOCKS = YES;
				GCC_WARN_64_TO_32_BIT_CONVERSION = YES;
				GCC_WARN_ABOUT_RETURN_TYPE = YES_ERROR;
				GCC_WARN_UNDECLARED_SELECTOR = YES;
				GCC_WARN_UNINITIALIZED_AUTOS = YES_AGGRESSIVE;
				GCC_WARN_UNUSED_FUNCTION = YES;
				GCC_WARN_UNUSED_VARIABLE = YES;
				MACOSX_DEPLOYMENT_TARGET = "";
				MTL_ENABLE_DEBUG_INFO = NO;
				SDKROOT = macosx;
			};
			name = Release;
		};
		76BE36421AFAC93400AF564B /* Debug */ = {
			isa = XCBuildConfiguration;
			buildSettings = {
				PRODUCT_NAME = "$(TARGET_NAME)";
			};
			name = Debug;
		};
		76BE36431AFAC93400AF564B /* Release */ = {
			isa = XCBuildConfiguration;
			buildSettings = {
				PRODUCT_NAME = "$(TARGET_NAME)";
			};
			name = Release;
		};
/* End XCBuildConfiguration section */

/* Begin XCConfigurationList section */
		76BE36351AFAC93400AF564B /* Build configuration list for PBXProject "Graal Utilities" */ = {
			isa = XCConfigurationList;
			buildConfigurations = (
				76BE363F1AFAC93400AF564B /* Debug */,
				76BE36401AFAC93400AF564B /* Release */,
			);
			defaultConfigurationIsVisible = 0;
			defaultConfigurationName = Release;
		};
		76BE36411AFAC93400AF564B /* Build configuration list for PBXNativeTarget "Graal Utilities" */ = {
			isa = XCConfigurationList;
			buildConfigurations = (
				76BE36421AFAC93400AF564B /* Debug */,
				76BE36431AFAC93400AF564B /* Release */,
			);
			defaultConfigurationIsVisible = 0;
			defaultConfigurationName = Release;
		};
/* End XCConfigurationList section */
	};
	rootObject = 76BE36321AFAC93400AF564B /* Project object */;
}
